lockfileVersion: '6.0'

settings:
  autoInstallPeers: true
  excludeLinksFromLockfile: false

devDependencies:
  swiper:
    specifier: ^11.2.1
    version: 11.2.1

packages:

  /swiper@11.2.1:
    resolution: {integrity: sha512-62G69+iQRIfUqTmJkWpZDcX891Ra8O9050ckt1/JI2H+0483g+gq0m7gINecDqMtDh2zt5dK+uzBRxGhGOOvQA==}
    engines: {node: '>= 4.7.0'}
    dev: true
